
Microsoft Visual Studio Solution File, Format Version 12.00
# Visual Studio Version 16
VisualStudioVersion = 16.0.31727.386
MinimumVisualStudioVersion = 10.0.40219.1
Project("{FAE04EC0-301F-11D3-BF4B-00C04F79EFBC}") = "GradeBook", "GradeBook.Console\GradeBook.csproj", "{596F4DC0-F67F-4543-8D29-F0982DFFA012}"
EndProject
Project("{FAE04EC0-301F-11D3-BF4B-00C04F79EFBC}") = "GradeBook.Test", "GradeBook.Test\GradeBook.Test.csproj", "{C9A846A7-344C-4D0D-AC84-B724E382B10D}"
EndProject
Global
	GlobalSection(SolutionConfigurationPlatforms) = preSolution
		Debug|Any CPU = Debug|Any CPU
		Release|Any CPU = Release|Any CPU
	EndGlobalSection
	GlobalSection(ProjectConfigurationPlatforms) = postSolution
		{596F4DC0-F67F-4543-8D29-F0982DFFA012}.Debug|Any CPU.ActiveCfg = Debug|Any CPU
		{596F4DC0-F67F-4543-8D29-F0982DFFA012}.Debug|Any CPU.Build.0 = Debug|Any CPU
		{596F4DC0-F67F-4543-8D29-F0982DFFA012}.Release|Any CPU.ActiveCfg = Release|Any CPU
		{596F4DC0-F67F-4543-8D29-F0982DFFA012}.Release|Any CPU.Build.0 = Release|Any CPU
		{C9A846A7-344C-4D0D-AC84-B724E382B10D}.Debug|Any CPU.ActiveCfg = Debug|Any CPU
		{C9A846A7-344C-4D0D-AC84-B724E382B10D}.Debug|Any CPU.Build.0 = Debug|Any CPU
		{C9A846A7-344C-4D0D-AC84-B724E382B10D}.Release|Any CPU.ActiveCfg = Release|Any CPU
		{C9A846A7-344C-4D0D-AC84-B724E382B10D}.Release|Any CPU.Build.0 = Release|Any CPU
	EndGlobalSection
	GlobalSection(SolutionProperties) = preSolution
		HideSolutionNode = FALSE
	EndGlobalSection
	GlobalSection(ExtensibilityGlobals) = postSolution
		SolutionGuid = {D483F728-EA9B-40FB-BEF8-F73A0574FE2D}
	EndGlobalSection
EndGlobal
